// !$*UTF8*$!
{
	archiveVersion = 1;
	classes = {
	};
	objectVersion = 50;
	objects = {

/* Begin PBXBuildFile section */
		4AE3C90F209B1B8C009E2BF3 /* AppDelegate.m in Sources */ = {isa = PBXBuildFile; fileRef = 4AE3C90E209B1B8C009E2BF3 /* AppDelegate.m */; };
		4AE3C912209B1B8C009E2BF3 /* ViewController.m in Sources */ = {isa = PBXBuildFile; fileRef = 4AE3C911209B1B8C009E2BF3 /* ViewController.m */; };
		4AE3C915209B1B8C009E2BF3 /* Main.storyboard in Resources */ = {isa = PBXBuildFile; fileRef = 4AE3C913209B1B8C009E2BF3 /* Main.storyboard */; };
		4AE3C918209B1B8C009E2BF3 /* MCXSlidingButton.xcdatamodeld in Sources */ = {isa = PBXBuildFile; fileRef = 4AE3C916209B1B8C009E2BF3 /* MCXSlidingButton.xcdatamodeld */; };
		4AE3C91A209B1BA3009E2BF3 /* Assets.xcassets in Resources */ = {isa = PBXBuildFile; fileRef = 4AE3C919209B1BA3009E2BF3 /* Assets.xcassets */; };
		4AE3C91D209B1BA3009E2BF3 /* LaunchScreen.storyboard in Resources */ = {isa = PBXBuildFile; fileRef = 4AE3C91B209B1BA3009E2BF3 /* LaunchScreen.storyboard */; };
		4AE3C920209B1BA3009E2BF3 /* main.m in Sources */ = {isa = PBXBuildFile; fileRef = 4AE3C91F209B1BA3009E2BF3 /* main.m */; };
		4AE3C92A209B1BA3009E2BF3 /* MCXSlidingButtonTests.m in Sources */ = {isa = PBXBuildFile; fileRef = 4AE3C929209B1BA3009E2BF3 /* MCXSlidingButtonTests.m */; };
		4AE3C935209B1BA3009E2BF3 /* MCXSlidingButtonUITests.m in Sources */ = {isa = PBXBuildFile; fileRef = 4AE3C934209B1BA3009E2BF3 /* MCXSlidingButtonUITests.m */; };
		4AE3C945209B1C25009E2BF3 /* MCXSlidingButton.m in Sources */ = {isa = PBXBuildFile; fileRef = 4AE3C944209B1C25009E2BF3 /* MCXSlidingButton.m */; };
/* End PBXBuildFile section */

/* Begin PBXContainerItemProxy section */
		4AE3C926209B1BA3009E2BF3 /* PBXContainerItemProxy */ = {
			isa = PBXContainerItemProxy;
			containerPortal = 4AE3C902209B1B8B009E2BF3 /* Project object */;
			proxyType = 1;
			remoteGlobalIDString = 4AE3C909209B1B8C009E2BF3;
			remoteInfo = MCXSlidingButton;
		};
		4AE3C931209B1BA3009E2BF3 /* PBXContainerItemProxy */ = {
			isa = PBXContainerItemProxy;
			containerPortal = 4AE3C902209B1B8B009E2BF3 /* Project object */;
			proxyType = 1;
			remoteGlobalIDString = 4AE3C909209B1B8C009E2BF3;
			remoteInfo = MCXSlidingButton;
		};
/* End PBXContainerItemProxy section */

/* Begin PBXFileReference section */
		4AE3C90A209B1B8C009E2BF3 /* MCXSlidingButton.app */ = {isa = PBXFileReference; explicitFileType = wrapper.application; includeInIndex = 0; path = MCXSlidingButton.app; sourceTree = BUILT_PRODUCTS_DIR; };
		4AE3C90D209B1B8C009E2BF3 /* AppDelegate.h */ = {isa = PBXFileReference; lastKnownFileType = sourcecode.c.h; path = AppDelegate.h; sourceTree = "<group>"; };
		4AE3C90E209B1B8C009E2BF3 /* AppDelegate.m */ = {isa = PBXFileReference; lastKnownFileType = sourcecode.c.objc; path = AppDelegate.m; sourceTree = "<group>"; };
		4AE3C910209B1B8C009E2BF3 /* ViewController.h */ = {isa = PBXFileReference; lastKnownFileType = sourcecode.c.h; path = ViewController.h; sourceTree = "<group>"; };
		4AE3C911209B1B8C009E2BF3 /* ViewController.m */ = {isa = PBXFileReference; lastKnownFileType = sourcecode.c.objc; path = ViewController.m; sourceTree = "<group>"; };
		4AE3C914209B1B8C009E2BF3 /* Base */ = {isa = PBXFileReference; lastKnownFileType = file.storyboard; name = Base; path = Base.lproj/Main.storyboard; sourceTree = "<group>"; };
		4AE3C917209B1B8C009E2BF3 /* MCXSlidingButton.xcdatamodel */ = {isa = PBXFileReference; lastKnownFileType = wrapper.xcdatamodel; path = MCXSlidingButton.xcdatamodel; sourceTree = "<group>"; };
		4AE3C919209B1BA3009E2BF3 /* Assets.xcassets */ = {isa = PBXFileReference; lastKnownFileType = folder.assetcatalog; path = Assets.xcassets; sourceTree = "<group>"; };
		4AE3C91C209B1BA3009E2BF3 /* Base */ = {isa = PBXFileReference; lastKnownFileType = file.storyboard; name = Base; path = Base.lproj/LaunchScreen.storyboard; sourceTree = "<group>"; };
		4AE3C91E209B1BA3009E2BF3 /* Info.plist */ = {isa = PBXFileReference; lastKnownFileType = text.plist.xml; path = Info.plist; sourceTree = "<group>"; };
		4AE3C91F209B1BA3009E2BF3 /* main.m */ = {isa = PBXFileReference; lastKnownFileType = sourcecode.c.objc; path = main.m; sourceTree = "<group>"; };
		4AE3C925209B1BA3009E2BF3 /* MCXSlidingButtonTests.xctest */ = {isa = PBXFileReference; explicitFileType = wrapper.cfbundle; includeInIndex = 0; path = MCXSlidingButtonTests.xctest; sourceTree = BUILT_PRODUCTS_DIR; };
		4AE3C929209B1BA3009E2BF3 /* MCXSlidingButtonTests.m */ = {isa = PBXFileReference; lastKnownFileType = sourcecode.c.objc; path = MCXSlidingButtonTests.m; sourceTree = "<group>"; };
		4AE3C92B209B1BA3009E2BF3 /* Info.plist */ = {isa = PBXFileReference; lastKnownFileType = text.plist.xml; path = Info.plist; sourceTree = "<group>"; };
		4AE3C930209B1BA3009E2BF3 /* MCXSlidingButtonUITests.xctest */ = {isa = PBXFileReference; explicitFileType = wrapper.cfbundle; includeInIndex = 0; path = MCXSlidingButtonUITests.xctest; sourceTree = BUILT_PRODUCTS_DIR; };
		4AE3C934209B1BA3009E2BF3 /* MCXSlidingButtonUITests.m */ = {isa = PBXFileReference; lastKnownFileType = sourcecode.c.objc; path = MCXSlidingButtonUITests.m; sourceTree = "<group>"; };
		4AE3C936209B1BA3009E2BF3 /* Info.plist */ = {isa = PBXFileReference; lastKnownFileType = text.plist.xml; path = Info.plist; sourceTree = "<group>"; };
		4AE3C943209B1C25009E2BF3 /* MCXSlidingButton.h */ = {isa = PBXFileReference; lastKnownFileType = sourcecode.c.h; path = MCXSlidingButton.h; sourceTree = "<group>"; };
		4AE3C944209B1C25009E2BF3 /* MCXSlidingButton.m */ = {isa = PBXFileReference; lastKnownFileType = sourcecode.c.objc; path = MCXSlidingButton.m; sourceTree = "<group>"; };
/* End PBXFileReference section */

/* Begin PBXFrameworksBuildPhase section */
		4AE3C907209B1B8C009E2BF3 /* Frameworks */ = {
			isa = PBXFrameworksBuildPhase;
			buildActionMask = 2147483647;
			files = (
			);
			runOnlyForDeploymentPostprocessing = 0;
		};
		4AE3C922209B1BA3009E2BF3 /* Frameworks */ = {
			isa = PBXFrameworksBuildPhase;
			buildActionMask = 2147483647;
			files = (
			);
			runOnlyForDeploymentPostprocessing = 0;
		};
		4AE3C92D209B1BA3009E2BF3 /* Frameworks */ = {
			isa = PBXFrameworksBuildPhase;
			buildActionMask = 2147483647;
			files = (
			);
			runOnlyForDeploymentPostprocessing = 0;
		};
/* End PBXFrameworksBuildPhase section */

/* Begin PBXGroup section */
		4AE3C901209B1B8B009E2BF3 = {
			isa = PBXGroup;
			children = (
				4AE3C90C209B1B8C009E2BF3 /* MCXSlidingButton */,
				4AE3C928209B1BA3009E2BF3 /* MCXSlidingButtonTests */,
				4AE3C933209B1BA3009E2BF3 /* MCXSlidingButtonUITests */,
				4AE3C90B209B1B8C009E2BF3 /* Products */,
			);
			sourceTree = "<group>";
		};
		4AE3C90B209B1B8C009E2BF3 /* Products */ = {
			isa = PBXGroup;
			children = (
				4AE3C90A209B1B8C009E2BF3 /* MCXSlidingButton.app */,
				4AE3C925209B1BA3009E2BF3 /* MCXSlidingButtonTests.xctest */,
				4AE3C930209B1BA3009E2BF3 /* MCXSlidingButtonUITests.xctest */,
			);
			name = Products;
			sourceTree = "<group>";
		};
		4AE3C90C209B1B8C009E2BF3 /* MCXSlidingButton */ = {
			isa = PBXGroup;
			children = (
				4AE3C942209B1BBD009E2BF3 /* MCXSlidingButton */,
				4AE3C90D209B1B8C009E2BF3 /* AppDelegate.h */,
				4AE3C90E209B1B8C009E2BF3 /* AppDelegate.m */,
				4AE3C910209B1B8C009E2BF3 /* ViewController.h */,
				4AE3C911209B1B8C009E2BF3 /* ViewController.m */,
				4AE3C913209B1B8C009E2BF3 /* Main.storyboard */,
				4AE3C919209B1BA3009E2BF3 /* Assets.xcassets */,
				4AE3C91B209B1BA3009E2BF3 /* LaunchScreen.storyboard */,
				4AE3C91E209B1BA3009E2BF3 /* Info.plist */,
				4AE3C91F209B1BA3009E2BF3 /* main.m */,
				4AE3C916209B1B8C009E2BF3 /* MCXSlidingButton.xcdatamodeld */,
			);
			path = MCXSlidingButton;
			sourceTree = "<group>";
		};
		4AE3C928209B1BA3009E2BF3 /* MCXSlidingButtonTests */ = {
			isa = PBXGroup;
			children = (
				4AE3C929209B1BA3009E2BF3 /* MCXSlidingButtonTests.m */,
				4AE3C92B209B1BA3009E2BF3 /* Info.plist */,
			);
			path = MCXSlidingButtonTests;
			sourceTree = "<group>";
		};
		4AE3C933209B1BA3009E2BF3 /* MCXSlidingButtonUITests */ = {
			isa = PBXGroup;
			children = (
				4AE3C934209B1BA3009E2BF3 /* MCXSlidingButtonUITests.m */,
				4AE3C936209B1BA3009E2BF3 /* Info.plist */,
			);
			path = MCXSlidingButtonUITests;
			sourceTree = "<group>";
		};
		4AE3C942209B1BBD009E2BF3 /* MCXSlidingButton */ = {
			isa = PBXGroup;
			children = (
				4AE3C943209B1C25009E2BF3 /* MCXSlidingButton.h */,
				4AE3C944209B1C25009E2BF3 /* MCXSlidingButton.m */,
			);
			path = MCXSlidingButton;
			sourceTree = "<group>";
		};
/* End PBXGroup section */

/* Begin PBXNativeTarget section */
		4AE3C909209B1B8C009E2BF3 /* MCXSlidingButton */ = {
			isa = PBXNativeTarget;
			buildConfigurationList = 4AE3C939209B1BA3009E2BF3 /* Build configuration list for PBXNativeTarget "MCXSlidingButton" */;
			buildPhases = (
				4AE3C906209B1B8C009E2BF3 /* Sources */,
				4AE3C907209B1B8C009E2BF3 /* Frameworks */,
				4AE3C908209B1B8C009E2BF3 /* Resources */,
			);
			buildRules = (
			);
			dependencies = (
			);
			name = MCXSlidingButton;
			productName = MCXSlidingButton;
			productReference = 4AE3C90A209B1B8C009E2BF3 /* MCXSlidingButton.app */;
			productType = "com.apple.product-type.application";
		};
		4AE3C924209B1BA3009E2BF3 /* MCXSlidingButtonTests */ = {
			isa = PBXNativeTarget;
			buildConfigurationList = 4AE3C93C209B1BA3009E2BF3 /* Build configuration list for PBXNativeTarget "MCXSlidingButtonTests" */;
			buildPhases = (
				4AE3C921209B1BA3009E2BF3 /* Sources */,
				4AE3C922209B1BA3009E2BF3 /* Frameworks */,
				4AE3C923209B1BA3009E2BF3 /* Resources */,
			);
			buildRules = (
			);
			dependencies = (
				4AE3C927209B1BA3009E2BF3 /* PBXTargetDependency */,
			);
			name = MCXSlidingButtonTests;
			productName = MCXSlidingButtonTests;
			productReference = 4AE3C925209B1BA3009E2BF3 /* MCXSlidingButtonTests.xctest */;
			productType = "com.apple.product-type.bundle.unit-test";
		};
		4AE3C92F209B1BA3009E2BF3 /* MCXSlidingButtonUITests */ = {
			isa = PBXNativeTarget;
			buildConfigurationList = 4AE3C93F209B1BA3009E2BF3 /* Build configuration list for PBXNativeTarget "MCXSlidingButtonUITests" */;
			buildPhases = (
				4AE3C92C209B1BA3009E2BF3 /* Sources */,
				4AE3C92D209B1BA3009E2BF3 /* Frameworks */,
				4AE3C92E209B1BA3009E2BF3 /* Resources */,
			);
			buildRules = (
			);
			dependencies = (
				4AE3C932209B1BA3009E2BF3 /* PBXTargetDependency */,
			);
			name = MCXSlidingButtonUITests;
			productName = MCXSlidingButtonUITests;
			productReference = 4AE3C930209B1BA3009E2BF3 /* MCXSlidingButtonUITests.xctest */;
			productType = "com.apple.product-type.bundle.ui-testing";
		};
/* End PBXNativeTarget section */

/* Begin PBXProject section */
		4AE3C902209B1B8B009E2BF3 /* Project object */ = {
			isa = PBXProject;
			attributes = {
				LastUpgradeCheck = 0930;
				ORGANIZATIONNAME = unspay;
				TargetAttributes = {
					4AE3C909209B1B8C009E2BF3 = {
						CreatedOnToolsVersion = 9.3;
					};
					4AE3C924209B1BA3009E2BF3 = {
						CreatedOnToolsVersion = 9.3;
						TestTargetID = 4AE3C909209B1B8C009E2BF3;
					};
					4AE3C92F209B1BA3009E2BF3 = {
						CreatedOnToolsVersion = 9.3;
						TestTargetID = 4AE3C909209B1B8C009E2BF3;
					};
				};
			};
			buildConfigurationList = 4AE3C905209B1B8C009E2BF3 /* Build configuration list for PBXProject "MCXSlidingButton" */;
			compatibilityVersion = "Xcode 9.3";
			developmentRegion = en;
			hasScannedForEncodings = 0;
			knownRegions = (
				en,
				Base,
			);
			mainGroup = 4AE3C901209B1B8B009E2BF3;
			productRefGroup = 4AE3C90B209B1B8C009E2BF3 /* Products */;
			projectDirPath = "";
			projectRoot = "";
			targets = (
				4AE3C909209B1B8C009E2BF3 /* MCXSlidingButton */,
				4AE3C924209B1BA3009E2BF3 /* MCXSlidingButtonTests */,
				4AE3C92F209B1BA3009E2BF3 /* MCXSlidingButtonUITests */,
			);
		};
/* End PBXProject section */

/* Begin PBXResourcesBuildPhase section */
		4AE3C908209B1B8C009E2BF3 /* Resources */ = {
			isa = PBXResourcesBuildPhase;
			buildActionMask = 2147483647;
			files = (
				4AE3C91D209B1BA3009E2BF3 /* LaunchScreen.storyboard in Resources */,
				4AE3C91A209B1BA3009E2BF3 /* Assets.xcassets in Resources */,
				4AE3C915209B1B8C009E2BF3 /* Main.storyboard in Resources */,
			);
			runOnlyForDeploymentPostprocessing = 0;
		};
		4AE3C923209B1BA3009E2BF3 /* Resources */ = {
			isa = PBXResourcesBuildPhase;
			buildActionMask = 2147483647;
			files = (
			);
			runOnlyForDeploymentPostprocessing = 0;
		};
		4AE3C92E209B1BA3009E2BF3 /* Resources */ = {
			isa = PBXResourcesBuildPhase;
			buildActionMask = 2147483647;
			files = (
			);
			runOnlyForDeploymentPostprocessing = 0;
		};
/* End PBXResourcesBuildPhase section */

/* Begin PBXSourcesBuildPhase section */
		4AE3C906209B1B8C009E2BF3 /* Sources */ = {
			isa = PBXSourcesBuildPhase;
			buildActionMask = 2147483647;
			files = (
				4AE3C918209B1B8C009E2BF3 /* MCXSlidingButton.xcdatamodeld in Sources */,
				4AE3C945209B1C25009E2BF3 /* MCXSlidingButton.m in Sources */,
				4AE3C912209B1B8C009E2BF3 /* ViewController.m in Sources */,
				4AE3C920209B1BA3009E2BF3 /* main.m in Sources */,
				4AE3C90F209B1B8C009E2BF3 /* AppDelegate.m in Sources */,
			);
			runOnlyForDeploymentPostprocessing = 0;
		};
		4AE3C921209B1BA3009E2BF3 /* Sources */ = {
			isa = PBXSourcesBuildPhase;
			buildActionMask = 2147483647;
			files = (
				4AE3C92A209B1BA3009E2BF3 /* MCXSlidingButtonTests.m in Sources */,
			);
			runOnlyForDeploymentPostprocessing = 0;
		};
		4AE3C92C209B1BA3009E2BF3 /* Sources */ = {
			isa = PBXSourcesBuildPhase;
			buildActionMask = 2147483647;
			files = (
				4AE3C935209B1BA3009E2BF3 /* MCXSlidingButtonUITests.m in Sources */,
			);
			runOnlyForDeploymentPostprocessing = 0;
		};
/* End PBXSourcesBuildPhase section */

/* Begin PBXTargetDependency section */
		4AE3C927209B1BA3009E2BF3 /* PBXTargetDependency */ = {
			isa = PBXTargetDependency;
			target = 4AE3C909209B1B8C009E2BF3 /* MCXSlidingButton */;
			targetProxy = 4AE3C926209B1BA3009E2BF3 /* PBXContainerItemProxy */;
		};
		4AE3C932209B1BA3009E2BF3 /* PBXTargetDependency */ = {
			isa = PBXTargetDependency;
			target = 4AE3C909209B1B8C009E2BF3 /* MCXSlidingButton */;
			targetProxy = 4AE3C931209B1BA3009E2BF3 /* PBXContainerItemProxy */;
		};
/* End PBXTargetDependency section */

/* Begin PBXVariantGroup section */
		4AE3C913209B1B8C009E2BF3 /* Main.storyboard */ = {
			isa = PBXVariantGroup;
			children = (
				4AE3C914209B1B8C009E2BF3 /* Base */,
			);
			name = Main.storyboard;
			sourceTree = "<group>";
		};
		4AE3C91B209B1BA3009E2BF3 /* LaunchScreen.storyboard */ = {
			isa = PBXVariantGroup;
			children = (
				4AE3C91C209B1BA3009E2BF3 /* Base */,
			);
			name = LaunchScreen.storyboard;
			sourceTree = "<group>";
		};
/* End PBXVariantGroup section */

/* Begin XCBuildConfiguration section */
		4AE3C937209B1BA3009E2BF3 /* Debug */ = {
			isa = XCBuildConfiguration;
			buildSettings = {
				ALWAYS_SEARCH_USER_PATHS = NO;
				CLANG_ANALYZER_NONNULL = YES;
				CLANG_ANALYZER_NUMBER_OBJECT_CONVERSION = YES_AGGRESSIVE;
				CLANG_CXX_LANGUAGE_STANDARD = "gnu++14";
				CLANG_CXX_LIBRARY = "libc++";
				CLANG_ENABLE_MODULES = YES;
				CLANG_ENABLE_OBJC_ARC = YES;
				CLANG_ENABLE_OBJC_WEAK = YES;
				CLANG_WARN_BLOCK_CAPTURE_AUTORELEASING = YES;
				CLANG_WARN_BOOL_CONVERSION = YES;
				CLANG_WARN_COMMA = YES;
				CLANG_WARN_CONSTANT_CONVERSION = YES;
				CLANG_WARN_DEPRECATED_OBJC_IMPLEMENTATIONS = YES;
				CLANG_WARN_DIRECT_OBJC_ISA_USAGE = YES_ERROR;
				CLANG_WARN_DOCUMENTATION_COMMENTS = YES;
				CLANG_WARN_EMPTY_BODY = YES;
				CLANG_WARN_ENUM_CONVERSION = YES;
				CLANG_WARN_INFINITE_RECURSION = YES;
				CLANG_WARN_INT_CONVERSION = YES;
				CLANG_WARN_NON_LITERAL_NULL_CONVERSION = YES;
				CLANG_WARN_OBJC_IMPLICIT_RETAIN_SELF = YES;
				CLANG_WARN_OBJC_LITERAL_CONVERSION = YES;
				CLANG_WARN_OBJC_ROOT_CLASS = YES_ERROR;
				CLANG_WARN_RANGE_LOOP_ANALYSIS = YES;
				CLANG_WARN_STRICT_PROTOTYPES = YES;
				CLANG_WARN_SUSPICIOUS_MOVE = YES;
				CLANG_WARN_UNGUARDED_AVAILABILITY = YES_AGGRESSIVE;
				CLANG_WARN_UNREACHABLE_CODE = YES;
				CLANG_WARN__DUPLICATE_METHOD_MATCH = YES;
				CODE_SIGN_IDENTITY = "iPhone Developer";
				COPY_PHASE_STRIP = NO;
				DEBUG_INFORMATION_FORMAT = dwarf;
				ENABLE_STRICT_OBJC_MSGSEND = YES;
				ENABLE_TESTABILITY = YES;
				GCC_C_LANGUAGE_STANDARD = gnu11;
				GCC_DYNAMIC_NO_PIC = NO;
				GCC_NO_COMMON_BLOCKS = YES;
				GCC_OPTIMIZATION_LEVEL = 0;
				GCC_PREPROCESSOR_DEFINITIONS = (
					"DEBUG=1",
					"$(inherited)",
				);
				GCC_WARN_64_TO_32_BIT_CONVERSION = YES;
				GCC_WARN_ABOUT_RETURN_TYPE = YES_ERROR;
				GCC_WARN_UNDECLARED_SELECTOR = YES;
				GCC_WARN_UNINITIALIZED_AUTOS = YES_AGGRESSIVE;
				GCC_WARN_UNUSED_FUNCTION = YES;
				GCC_WARN_UNUSED_VARIABLE = YES;
				IPHONEOS_DEPLOYMENT_TARGET = 11.3;
				MTL_ENABLE_DEBUG_INFO = YES;
				ONLY_ACTIVE_ARCH = YES;
				SDKROOT = iphoneos;
			};
			name = Debug;
		};
		4AE3C938209B1BA3009E2BF3 /* Release */ = {
			isa = XCBuildConfiguration;
			buildSettings = {
				ALWAYS_SEARCH_USER_PATHS = NO;
				CLANG_ANALYZER_NONNULL = YES;
				CLANG_ANALYZER_NUMBER_OBJECT_CONVERSION = YES_AGGRESSIVE;
				CLANG_CXX_LANGUAGE_STANDARD = "gnu++14";
				CLANG_CXX_LIBRARY = "libc++";
				CLANG_ENABLE_MODULES = YES;
				CLANG_ENABLE_OBJC_ARC = YES;
				CLANG_ENABLE_OBJC_WEAK = YES;
				CLANG_WARN_BLOCK_CAPTURE_AUTORELEASING = YES;
				CLANG_WARN_BOOL_CONVERSION = YES;
				CLANG_WARN_COMMA = YES;
				CLANG_WARN_CONSTANT_CONVERSION = YES;
				CLANG_WARN_DEPRECATED_OBJC_IMPLEMENTATIONS = YES;
				CLANG_WARN_DIRECT_OBJC_ISA_USAGE = YES_ERROR;
				CLANG_WARN_DOCUMENTATION_COMMENTS = YES;
				CLANG_WARN_EMPTY_BODY = YES;
				CLANG_WARN_ENUM_CONVERSION = YES;
				CLANG_WARN_INFINITE_RECURSION = YES;
				CLANG_WARN_INT_CONVERSION = YES;
				CLANG_WARN_NON_LITERAL_NULL_CONVERSION = YES;
				CLANG_WARN_OBJC_IMPLICIT_RETAIN_SELF = YES;
				CLANG_WARN_OBJC_LITERAL_CONVERSION = YES;
				CLANG_WARN_OBJC_ROOT_CLASS = YES_ERROR;
				CLANG_WARN_RANGE_LOOP_ANALYSIS = YES;
				CLANG_WARN_STRICT_PROTOTYPES = YES;
				CLANG_WARN_SUSPICIOUS_MOVE = YES;
				CLANG_WARN_UNGUARDED_AVAILABILITY = YES_AGGRESSIVE;
				CLANG_WARN_UNREACHABLE_CODE = YES;
				CLANG_WARN__DUPLICATE_METHOD_MATCH = YES;
				CODE_SIGN_IDENTITY = "iPhone Developer";
				COPY_PHASE_STRIP = NO;
				DEBUG_INFORMATION_FORMAT = "dwarf-with-dsym";
				ENABLE_NS_ASSERTIONS = NO;
				ENABLE_STRICT_OBJC_MSGSEND = YES;
				GCC_C_LANGUAGE_STANDARD = gnu11;
				GCC_NO_COMMON_BLOCKS = YES;
				GCC_WARN_64_TO_32_BIT_CONVERSION = YES;
				GCC_WARN_ABOUT_RETURN_TYPE = YES_ERROR;
				GCC_WARN_UNDECLARED_SELECTOR = YES;
				GCC_WARN_UNINITIALIZED_AUTOS = YES_AGGRESSIVE;
				GCC_WARN_UNUSED_FUNCTION = YES;
				GCC_WARN_UNUSED_VARIABLE = YES;
				IPHONEOS_DEPLOYMENT_TARGET = 11.3;
				MTL_ENABLE_DEBUG_INFO = NO;
				SDKROOT = iphoneos;
				VALIDATE_PRODUCT = YES;
			};
			name = Release;
		};
		4AE3C93A209B1BA3009E2BF3 /* Debug */ = {
			isa = XCBuildConfiguration;
			buildSettings = {
				ASSETCATALOG_COMPILER_APPICON_NAME = AppIcon;
				CODE_SIGN_STYLE = Automatic;
				DEVELOPMENT_TEAM = 5946XYVFMV;
				INFOPLIST_FILE = MCXSlidingButton/Info.plist;
				LD_RUNPATH_SEARCH_PATHS = (
					"$(inherited)",
					"@executable_path/Frameworks",
				);
				PRODUCT_BUNDLE_IDENTIFIER = chenxi.MCXSlidingButton;
				PRODUCT_NAME = "$(TARGET_NAME)";
				TARGETED_DEVICE_FAMILY = "1,2";
			};
			name = Debug;
		};
		4AE3C93B209B1BA3009E2BF3 /* Release */ = {
			isa = XCBuildConfiguration;
			buildSettings = {
				ASSETCATALOG_COMPILER_APPICON_NAME = AppIcon;
				CODE_SIGN_STYLE = Automatic;
				DEVELOPMENT_TEAM = 5946XYVFMV;
				INFOPLIST_FILE = MCXSlidingButton/Info.plist;
				LD_RUNPATH_SEARCH_PATHS = (
					"$(inherited)",
					"@executable_path/Frameworks",
				);
				PRODUCT_BUNDLE_IDENTIFIER = chenxi.MCXSlidingButton;
				PRODUCT_NAME = "$(TARGET_NAME)";
				TARGETED_DEVICE_FAMILY = "1,2";
			};
			name = Release;
		};
		4AE3C93D209B1BA3009E2BF3 /* Debug */ = {
			isa = XCBuildConfiguration;
			buildSettings = {
				BUNDLE_LOADER = "$(TEST_HOST)";
				CODE_SIGN_STYLE = Automatic;
				DEVELOPMENT_TEAM = 422YNZJ9TN;
				INFOPLIST_FILE = MCXSlidingButtonTests/Info.plist;
				LD_RUNPATH_SEARCH_PATHS = (
					"$(inherited)",
					"@executable_path/Frameworks",
					"@loader_path/Frameworks",
				);
				PRODUCT_BUNDLE_IDENTIFIER = chenxi.MCXSlidingButtonTests;
				PRODUCT_NAME = "$(TARGET_NAME)";
				TARGETED_DEVICE_FAMILY = "1,2";
				TEST_HOST = "$(BUILT_PRODUCTS_DIR)/MCXSlidingButton.app/MCXSlidingButton";
			};
			name = Debug;
		};
		4AE3C93E209B1BA3009E2BF3 /* Release */ = {
			isa = XCBuildConfiguration;
			buildSettings = {
				BUNDLE_LOADER = "$(TEST_HOST)";
				CODE_SIGN_STYLE = Automatic;
				DEVELOPMENT_TEAM = 422YNZJ9TN;
				INFOPLIST_FILE = MCXSlidingButtonTests/Info.plist;
				LD_RUNPATH_SEARCH_PATHS = (
					"$(inherited)",
					"@executable_path/Frameworks",
					"@loader_path/Frameworks",
				);
				PRODUCT_BUNDLE_IDENTIFIER = chenxi.MCXSlidingButtonTests;
				PRODUCT_NAME = "$(TARGET_NAME)";
				TARGETED_DEVICE_FAMILY = "1,2";
				TEST_HOST = "$(BUILT_PRODUCTS_DIR)/MCXSlidingButton.app/MCXSlidingButton";
			};
			name = Release;
		};
		4AE3C940209B1BA3009E2BF3 /* Debug */ = {
			isa = XCBuildConfiguration;
			buildSettings = {
				CODE_SIGN_STYLE = Automatic;
				DEVELOPMENT_TEAM = 422YNZJ9TN;
				INFOPLIST_FILE = MCXSlidingButtonUITests/Info.plist;
				LD_RUNPATH_SEARCH_PATHS = (
					"$(inherited)",
					"@executable_path/Frameworks",
					"@loader_path/Frameworks",
				);
				PRODUCT_BUNDLE_IDENTIFIER = chenxi.MCXSlidingButtonUITests;
				PRODUCT_NAME = "$(TARGET_NAME)";
				TARGETED_DEVICE_FAMILY = "1,2";
				TEST_TARGET_NAME = MCXSlidingButton;
			};
			name = Debug;
		};
		4AE3C941209B1BA3009E2BF3 /* Release */ = {
			isa = XCBuildConfiguration;
			buildSettings = {
				CODE_SIGN_STYLE = Automatic;
				DEVELOPMENT_TEAM = 422YNZJ9TN;
				INFOPLIST_FILE = MCXSlidingButtonUITests/Info.plist;
				LD_RUNPATH_SEARCH_PATHS = (
					"$(inherited)",
					"@executable_path/Frameworks",
					"@loader_path/Frameworks",
				);
				PRODUCT_BUNDLE_IDENTIFIER = chenxi.MCXSlidingButtonUITests;
				PRODUCT_NAME = "$(TARGET_NAME)";
				TARGETED_DEVICE_FAMILY = "1,2";
				TEST_TARGET_NAME = MCXSlidingButton;
			};
			name = Release;
		};
/* End XCBuildConfiguration section */

/* Begin XCConfigurationList section */
		4AE3C905209B1B8C009E2BF3 /* Build configuration list for PBXProject "MCXSlidingButton" */ = {
			isa = XCConfigurationList;
			buildConfigurations = (
				4AE3C937209B1BA3009E2BF3 /* Debug */,
				4AE3C938209B1BA3009E2BF3 /* Release */,
			);
			defaultConfigurationIsVisible = 0;
			defaultConfigurationName = Release;
		};
		4AE3C939209B1BA3009E2BF3 /* Build configuration list for PBXNativeTarget "MCXSlidingButton" */ = {
			isa = XCConfigurationList;
			buildConfigurations = (
				4AE3C93A209B1BA3009E2BF3 /* Debug */,
				4AE3C93B209B1BA3009E2BF3 /* Release */,
			);
			defaultConfigurationIsVisible = 0;
			defaultConfigurationName = Release;
		};
		4AE3C93C209B1BA3009E2BF3 /* Build configuration list for PBXNativeTarget "MCXSlidingButtonTests" */ = {
			isa = XCConfigurationList;
			buildConfigurations = (
				4AE3C93D209B1BA3009E2BF3 /* Debug */,
				4AE3C93E209B1BA3009E2BF3 /* Release */,
			);
			defaultConfigurationIsVisible = 0;
			defaultConfigurationName = Release;
		};
		4AE3C93F209B1BA3009E2BF3 /* Build configuration list for PBXNativeTarget "MCXSlidingButtonUITests" */ = {
			isa = XCConfigurationList;
			buildConfigurations = (
				4AE3C940209B1BA3009E2BF3 /* Debug */,
				4AE3C941209B1BA3009E2BF3 /* Release */,
			);
			defaultConfigurationIsVisible = 0;
			defaultConfigurationName = Release;
		};
/* End XCConfigurationList section */

/* Begin XCVersionGroup section */
		4AE3C916209B1B8C009E2BF3 /* MCXSlidingButton.xcdatamodeld */ = {
			isa = XCVersionGroup;
			children = (
				4AE3C917209B1B8C009E2BF3 /* MCXSlidingButton.xcdatamodel */,
			);
			currentVersion = 4AE3C917209B1B8C009E2BF3 /* MCXSlidingButton.xcdatamodel */;
			path = MCXSlidingButton.xcdatamodeld;
			sourceTree = "<group>";
			versionGroupType = wrapper.xcdatamodel;
		};
/* End XCVersionGroup section */
	};
	rootObject = 4AE3C902209B1B8B009E2BF3 /* Project object */;
}
